
Microsoft Visual Studio Solution File, Format Version 12.00
# Visual Studio Version 17
VisualStudioVersion = 17.1.32421.90
MinimumVisualStudioVersion = 10.0.40219.1
Project("{FAE04EC0-301F-11D3-BF4B-00C04F79EFBC}") = "CriptoPlantas.Android", "CriptoPlantas.Android\CriptoPlantas.Android.csproj", "{EAAB962F-D580-4101-9B41-DD1F8889BA3F}"
EndProject
Project("{FAE04EC0-301F-11D3-BF4B-00C04F79EFBC}") = "CriptoPlantas", "CriptoPlantas\CriptoPlantas.csproj", "{5EE67888-DD03-4102-9612-DFA252C099E2}"
EndProject
Global
	GlobalSection(SolutionConfigurationPlatforms) = preSolution
		Debug|Any CPU = Debug|Any CPU
		Release|Any CPU = Release|Any CPU
	EndGlobalSection
	GlobalSection(ProjectConfigurationPlatforms) = postSolution
		{EAAB962F-D580-4101-9B41-DD1F8889BA3F}.Debug|Any CPU.ActiveCfg = Debug|Any CPU
		{EAAB962F-D580-4101-9B41-DD1F8889BA3F}.Debug|Any CPU.Build.0 = Debug|Any CPU
		{EAAB962F-D580-4101-9B41-DD1F8889BA3F}.Debug|Any CPU.Deploy.0 = Debug|Any CPU
		{EAAB962F-D580-4101-9B41-DD1F8889BA3F}.Release|Any CPU.ActiveCfg = Release|Any CPU
		{EAAB962F-D580-4101-9B41-DD1F8889BA3F}.Release|Any CPU.Build.0 = Release|Any CPU
		{EAAB962F-D580-4101-9B41-DD1F8889BA3F}.Release|Any CPU.Deploy.0 = Release|Any CPU
		{5EE67888-DD03-4102-9612-DFA252C099E2}.Debug|Any CPU.ActiveCfg = Debug|Any CPU
		{5EE67888-DD03-4102-9612-DFA252C099E2}.Debug|Any CPU.Build.0 = Debug|Any CPU
		{5EE67888-DD03-4102-9612-DFA252C099E2}.Debug|Any CPU.Deploy.0 = Debug|Any CPU
		{5EE67888-DD03-4102-9612-DFA252C099E2}.Release|Any CPU.ActiveCfg = Release|Any CPU
		{5EE67888-DD03-4102-9612-DFA252C099E2}.Release|Any CPU.Build.0 = Release|Any CPU
		{5EE67888-DD03-4102-9612-DFA252C099E2}.Release|Any CPU.Deploy.0 = Release|Any CPU
	EndGlobalSection
	GlobalSection(SolutionProperties) = preSolution
		HideSolutionNode = FALSE
	EndGlobalSection
	GlobalSection(ExtensibilityGlobals) = postSolution
		SolutionGuid = {DCE68E8D-35C6-4623-BE59-A9BDE43F6170}
	EndGlobalSection
EndGlobal
